
Microsoft Visual Studio Solution File, Format Version 12.00
# Visual Studio Version 17
VisualStudioVersion = 17.2.32630.192
MinimumVisualStudioVersion = 10.0.40219.1
Project("{9A19103F-16F7-4668-BE54-9A1E7A4F7556}") = "R5T.Z0040.Construction", "R5T.Z0040.Construction\R5T.Z0040.Construction.csproj", "{2FE54140-3E62-44A2-9A5A-E85FB4F1D5D2}"
EndProject
Project("{9A19103F-16F7-4668-BE54-9A1E7A4F7556}") = "R5T.Z0040", "R5T.Z0040\R5T.Z0040.csproj", "{BC780CAE-C1A9-43D7-A0E1-30C5B1D734D4}"
EndProject
Global
	GlobalSection(SolutionConfigurationPlatforms) = preSolution
		Debug|Any CPU = Debug|Any CPU
		Release|Any CPU = Release|Any CPU
	EndGlobalSection
	GlobalSection(ProjectConfigurationPlatforms) = postSolution
		{2FE54140-3E62-44A2-9A5A-E85FB4F1D5D2}.Debug|Any CPU.ActiveCfg = Debug|Any CPU
		{2FE54140-3E62-44A2-9A5A-E85FB4F1D5D2}.Debug|Any CPU.Build.0 = Debug|Any CPU
		{2FE54140-3E62-44A2-9A5A-E85FB4F1D5D2}.Release|Any CPU.ActiveCfg = Release|Any CPU
		{2FE54140-3E62-44A2-9A5A-E85FB4F1D5D2}.Release|Any CPU.Build.0 = Release|Any CPU
		{BC780CAE-C1A9-43D7-A0E1-30C5B1D734D4}.Debug|Any CPU.ActiveCfg = Debug|Any CPU
		{BC780CAE-C1A9-43D7-A0E1-30C5B1D734D4}.Debug|Any CPU.Build.0 = Debug|Any CPU
		{BC780CAE-C1A9-43D7-A0E1-30C5B1D734D4}.Release|Any CPU.ActiveCfg = Release|Any CPU
		{BC780CAE-C1A9-43D7-A0E1-30C5B1D734D4}.Release|Any CPU.Build.0 = Release|Any CPU
	EndGlobalSection
	GlobalSection(SolutionProperties) = preSolution
		HideSolutionNode = FALSE
	EndGlobalSection
	GlobalSection(ExtensibilityGlobals) = postSolution
		SolutionGuid = {ADFF3603-71BA-4052-8451-4F03DCAAD8A2}
	EndGlobalSection
EndGlobal
