
Microsoft Visual Studio Solution File, Format Version 12.00
# Visual Studio Version 17
VisualStudioVersion = 17.2.32630.192
MinimumVisualStudioVersion = 10.0.40219.1
Project("{9A19103F-16F7-4668-BE54-9A1E7A4F7556}") = "R5T.Z0040", "R5T.Z0040\R5T.Z0040.csproj", "{7B6ADC8B-804B-4B9F-A809-F49FA4009F83}"
EndProject
Project("{2150E333-8FDC-42A3-9474-1A3956D46DE8}") = "_Dependencies", "_Dependencies", "{AFDE070C-50CA-4338-AF8C-64A11912AC50}"
EndProject
Project("{9A19103F-16F7-4668-BE54-9A1E7A4F7556}") = "R5T.T0132", "..\..\R5T.T0132\source\R5T.T0132\R5T.T0132.csproj", "{F8EAED3A-1482-49F0-82E7-34AE4B6666D2}"
EndProject
Project("{9A19103F-16F7-4668-BE54-9A1E7A4F7556}") = "R5T.T0143", "..\..\R5T.T0143\source\R5T.T0143\R5T.T0143.csproj", "{01E1D268-80AE-4D19-AA37-D3FCB49C8589}"
EndProject
Project("{9A19103F-16F7-4668-BE54-9A1E7A4F7556}") = "R5T.T0150", "..\..\R5T.T0150\source\R5T.T0150\R5T.T0150.csproj", "{66766453-1252-46F7-8FD5-D6BF08A42D12}"
EndProject
Project("{9A19103F-16F7-4668-BE54-9A1E7A4F7556}") = "R5T.T0151", "..\..\R5T.T0151\source\R5T.T0151\R5T.T0151.csproj", "{74AA160B-F532-4937-A74F-F9A9A62AD938}"
EndProject
Project("{9A19103F-16F7-4668-BE54-9A1E7A4F7556}") = "R5T.T0175", "..\..\R5T.T0175\source\R5T.T0175\R5T.T0175.csproj", "{9475116E-2864-4E0A-BEC9-5D354870DD88}"
EndProject
Project("{9A19103F-16F7-4668-BE54-9A1E7A4F7556}") = "R5T.T0131", "..\..\R5T.T0131\source\R5T.T0131\R5T.T0131.csproj", "{B6A8C845-ABE8-4242-86EA-A8EB512EB237}"
EndProject
Global
	GlobalSection(NestedProjects) = preSolution
		{F8EAED3A-1482-49F0-82E7-34AE4B6666D2} = {AFDE070C-50CA-4338-AF8C-64A11912AC50}
		{01E1D268-80AE-4D19-AA37-D3FCB49C8589} = {AFDE070C-50CA-4338-AF8C-64A11912AC50}
		{66766453-1252-46F7-8FD5-D6BF08A42D12} = {AFDE070C-50CA-4338-AF8C-64A11912AC50}
		{74AA160B-F532-4937-A74F-F9A9A62AD938} = {AFDE070C-50CA-4338-AF8C-64A11912AC50}
		{9475116E-2864-4E0A-BEC9-5D354870DD88} = {AFDE070C-50CA-4338-AF8C-64A11912AC50}
		{B6A8C845-ABE8-4242-86EA-A8EB512EB237} = {AFDE070C-50CA-4338-AF8C-64A11912AC50}
	EndGlobalSection
	GlobalSection(SolutionConfigurationPlatforms) = preSolution
		Debug|Any CPU = Debug|Any CPU
		Release|Any CPU = Release|Any CPU
	EndGlobalSection
	GlobalSection(ProjectConfigurationPlatforms) = postSolution
		{7B6ADC8B-804B-4B9F-A809-F49FA4009F83}.Debug|Any CPU.ActiveCfg = Debug|Any CPU
		{7B6ADC8B-804B-4B9F-A809-F49FA4009F83}.Debug|Any CPU.Build.0 = Debug|Any CPU
		{7B6ADC8B-804B-4B9F-A809-F49FA4009F83}.Release|Any CPU.ActiveCfg = Release|Any CPU
		{7B6ADC8B-804B-4B9F-A809-F49FA4009F83}.Release|Any CPU.Build.0 = Release|Any CPU
		{F8EAED3A-1482-49F0-82E7-34AE4B6666D2}.Debug|Any CPU.ActiveCfg = Debug|Any CPU
		{F8EAED3A-1482-49F0-82E7-34AE4B6666D2}.Debug|Any CPU.Build.0 = Debug|Any CPU
		{F8EAED3A-1482-49F0-82E7-34AE4B6666D2}.Release|Any CPU.ActiveCfg = Release|Any CPU
		{F8EAED3A-1482-49F0-82E7-34AE4B6666D2}.Release|Any CPU.Build.0 = Release|Any CPU
		{01E1D268-80AE-4D19-AA37-D3FCB49C8589}.Debug|Any CPU.ActiveCfg = Debug|Any CPU
		{01E1D268-80AE-4D19-AA37-D3FCB49C8589}.Debug|Any CPU.Build.0 = Debug|Any CPU
		{01E1D268-80AE-4D19-AA37-D3FCB49C8589}.Release|Any CPU.ActiveCfg = Release|Any CPU
		{01E1D268-80AE-4D19-AA37-D3FCB49C8589}.Release|Any CPU.Build.0 = Release|Any CPU
		{66766453-1252-46F7-8FD5-D6BF08A42D12}.Debug|Any CPU.ActiveCfg = Debug|Any CPU
		{66766453-1252-46F7-8FD5-D6BF08A42D12}.Debug|Any CPU.Build.0 = Debug|Any CPU
		{66766453-1252-46F7-8FD5-D6BF08A42D12}.Release|Any CPU.ActiveCfg = Release|Any CPU
		{66766453-1252-46F7-8FD5-D6BF08A42D12}.Release|Any CPU.Build.0 = Release|Any CPU
		{74AA160B-F532-4937-A74F-F9A9A62AD938}.Debug|Any CPU.ActiveCfg = Debug|Any CPU
		{74AA160B-F532-4937-A74F-F9A9A62AD938}.Debug|Any CPU.Build.0 = Debug|Any CPU
		{74AA160B-F532-4937-A74F-F9A9A62AD938}.Release|Any CPU.ActiveCfg = Release|Any CPU
		{74AA160B-F532-4937-A74F-F9A9A62AD938}.Release|Any CPU.Build.0 = Release|Any CPU
		{9475116E-2864-4E0A-BEC9-5D354870DD88}.Debug|Any CPU.ActiveCfg = Debug|Any CPU
		{9475116E-2864-4E0A-BEC9-5D354870DD88}.Debug|Any CPU.Build.0 = Debug|Any CPU
		{9475116E-2864-4E0A-BEC9-5D354870DD88}.Release|Any CPU.ActiveCfg = Release|Any CPU
		{9475116E-2864-4E0A-BEC9-5D354870DD88}.Release|Any CPU.Build.0 = Release|Any CPU
		{B6A8C845-ABE8-4242-86EA-A8EB512EB237}.Debug|Any CPU.ActiveCfg = Debug|Any CPU
		{B6A8C845-ABE8-4242-86EA-A8EB512EB237}.Debug|Any CPU.Build.0 = Debug|Any CPU
		{B6A8C845-ABE8-4242-86EA-A8EB512EB237}.Release|Any CPU.ActiveCfg = Release|Any CPU
		{B6A8C845-ABE8-4242-86EA-A8EB512EB237}.Release|Any CPU.Build.0 = Release|Any CPU
	EndGlobalSection
	GlobalSection(SolutionProperties) = preSolution
		HideSolutionNode = FALSE
	EndGlobalSection
	GlobalSection(ExtensibilityGlobals) = postSolution
		SolutionGuid = {45BDB79C-544F-4A84-B7BF-92A074D3B6A7}
	EndGlobalSection
EndGlobal
