
Microsoft Visual Studio Solution File, Format Version 12.00
# Visual Studio Version 17
VisualStudioVersion = 17.2.32630.192
MinimumVisualStudioVersion = 10.0.40219.1
Project("{9A19103F-16F7-4668-BE54-9A1E7A4F7556}") = "R5T.Z0040", "R5T.Z0040\R5T.Z0040.csproj", "{7B6ADC8B-804B-4B9F-A809-F49FA4009F83}"
EndProject
Global
	GlobalSection(SolutionConfigurationPlatforms) = preSolution
		Debug|Any CPU = Debug|Any CPU
		Release|Any CPU = Release|Any CPU
	EndGlobalSection
	GlobalSection(ProjectConfigurationPlatforms) = postSolution
		{7B6ADC8B-804B-4B9F-A809-F49FA4009F83}.Debug|Any CPU.ActiveCfg = Debug|Any CPU
		{7B6ADC8B-804B-4B9F-A809-F49FA4009F83}.Debug|Any CPU.Build.0 = Debug|Any CPU
		{7B6ADC8B-804B-4B9F-A809-F49FA4009F83}.Release|Any CPU.ActiveCfg = Release|Any CPU
		{7B6ADC8B-804B-4B9F-A809-F49FA4009F83}.Release|Any CPU.Build.0 = Release|Any CPU
	EndGlobalSection
	GlobalSection(SolutionProperties) = preSolution
		HideSolutionNode = FALSE
	EndGlobalSection
	GlobalSection(ExtensibilityGlobals) = postSolution
		SolutionGuid = {45BDB79C-544F-4A84-B7BF-92A074D3B6A7}
	EndGlobalSection
EndGlobal
