
Microsoft Visual Studio Solution File, Format Version 12.00
# Visual Studio Version 17
VisualStudioVersion = 17.2.32630.192
MinimumVisualStudioVersion = 10.0.40219.1
Project("{9A19103F-16F7-4668-BE54-9A1E7A4F7556}") = "R5T.Z0040.Construction", "R5T.Z0040.Construction\R5T.Z0040.Construction.csproj", "{2FE54140-3E62-44A2-9A5A-E85FB4F1D5D2}"
EndProject
Project("{9A19103F-16F7-4668-BE54-9A1E7A4F7556}") = "R5T.Z0040", "R5T.Z0040\R5T.Z0040.csproj", "{BC780CAE-C1A9-43D7-A0E1-30C5B1D734D4}"
EndProject
Project("{2150E333-8FDC-42A3-9474-1A3956D46DE8}") = "_Dependencies", "_Dependencies", "{282850EA-D6A5-40F8-8DC2-9BB9B4BF66BC}"
EndProject
Project("{9A19103F-16F7-4668-BE54-9A1E7A4F7556}") = "R5T.T0132", "..\..\R5T.T0132\source\R5T.T0132\R5T.T0132.csproj", "{92B29545-B0D1-4943-A218-38BE893BB40D}"
EndProject
Project("{9A19103F-16F7-4668-BE54-9A1E7A4F7556}") = "R5T.T0143", "..\..\R5T.T0143\source\R5T.T0143\R5T.T0143.csproj", "{9944955C-4B0B-4752-81CB-ECBE20685A5F}"
EndProject
Project("{9A19103F-16F7-4668-BE54-9A1E7A4F7556}") = "R5T.T0150", "..\..\R5T.T0150\source\R5T.T0150\R5T.T0150.csproj", "{B36A4D74-9AFE-4E72-9C91-30EB817077AE}"
EndProject
Project("{9A19103F-16F7-4668-BE54-9A1E7A4F7556}") = "R5T.T0151", "..\..\R5T.T0151\source\R5T.T0151\R5T.T0151.csproj", "{12D839F8-E20E-48E1-8307-6331AD46B485}"
EndProject
Project("{9A19103F-16F7-4668-BE54-9A1E7A4F7556}") = "R5T.T0175", "..\..\R5T.T0175\source\R5T.T0175\R5T.T0175.csproj", "{F0B910ED-D802-474F-9440-7E075C0C5A34}"
EndProject
Project("{9A19103F-16F7-4668-BE54-9A1E7A4F7556}") = "R5T.T0131", "..\..\R5T.T0131\source\R5T.T0131\R5T.T0131.csproj", "{AE0076C0-4481-453B-864A-167FEDEE8E95}"
EndProject
Global
	GlobalSection(NestedProjects) = preSolution
		{92B29545-B0D1-4943-A218-38BE893BB40D} = {282850EA-D6A5-40F8-8DC2-9BB9B4BF66BC}
		{9944955C-4B0B-4752-81CB-ECBE20685A5F} = {282850EA-D6A5-40F8-8DC2-9BB9B4BF66BC}
		{B36A4D74-9AFE-4E72-9C91-30EB817077AE} = {282850EA-D6A5-40F8-8DC2-9BB9B4BF66BC}
		{12D839F8-E20E-48E1-8307-6331AD46B485} = {282850EA-D6A5-40F8-8DC2-9BB9B4BF66BC}
		{F0B910ED-D802-474F-9440-7E075C0C5A34} = {282850EA-D6A5-40F8-8DC2-9BB9B4BF66BC}
		{AE0076C0-4481-453B-864A-167FEDEE8E95} = {282850EA-D6A5-40F8-8DC2-9BB9B4BF66BC}
	EndGlobalSection
	GlobalSection(SolutionConfigurationPlatforms) = preSolution
		Debug|Any CPU = Debug|Any CPU
		Release|Any CPU = Release|Any CPU
	EndGlobalSection
	GlobalSection(ProjectConfigurationPlatforms) = postSolution
		{2FE54140-3E62-44A2-9A5A-E85FB4F1D5D2}.Debug|Any CPU.ActiveCfg = Debug|Any CPU
		{2FE54140-3E62-44A2-9A5A-E85FB4F1D5D2}.Debug|Any CPU.Build.0 = Debug|Any CPU
		{2FE54140-3E62-44A2-9A5A-E85FB4F1D5D2}.Release|Any CPU.ActiveCfg = Release|Any CPU
		{2FE54140-3E62-44A2-9A5A-E85FB4F1D5D2}.Release|Any CPU.Build.0 = Release|Any CPU
		{BC780CAE-C1A9-43D7-A0E1-30C5B1D734D4}.Debug|Any CPU.ActiveCfg = Debug|Any CPU
		{BC780CAE-C1A9-43D7-A0E1-30C5B1D734D4}.Debug|Any CPU.Build.0 = Debug|Any CPU
		{BC780CAE-C1A9-43D7-A0E1-30C5B1D734D4}.Release|Any CPU.ActiveCfg = Release|Any CPU
		{BC780CAE-C1A9-43D7-A0E1-30C5B1D734D4}.Release|Any CPU.Build.0 = Release|Any CPU
		{92B29545-B0D1-4943-A218-38BE893BB40D}.Debug|Any CPU.ActiveCfg = Debug|Any CPU
		{92B29545-B0D1-4943-A218-38BE893BB40D}.Debug|Any CPU.Build.0 = Debug|Any CPU
		{92B29545-B0D1-4943-A218-38BE893BB40D}.Release|Any CPU.ActiveCfg = Release|Any CPU
		{92B29545-B0D1-4943-A218-38BE893BB40D}.Release|Any CPU.Build.0 = Release|Any CPU
		{9944955C-4B0B-4752-81CB-ECBE20685A5F}.Debug|Any CPU.ActiveCfg = Debug|Any CPU
		{9944955C-4B0B-4752-81CB-ECBE20685A5F}.Debug|Any CPU.Build.0 = Debug|Any CPU
		{9944955C-4B0B-4752-81CB-ECBE20685A5F}.Release|Any CPU.ActiveCfg = Release|Any CPU
		{9944955C-4B0B-4752-81CB-ECBE20685A5F}.Release|Any CPU.Build.0 = Release|Any CPU
		{B36A4D74-9AFE-4E72-9C91-30EB817077AE}.Debug|Any CPU.ActiveCfg = Debug|Any CPU
		{B36A4D74-9AFE-4E72-9C91-30EB817077AE}.Debug|Any CPU.Build.0 = Debug|Any CPU
		{B36A4D74-9AFE-4E72-9C91-30EB817077AE}.Release|Any CPU.ActiveCfg = Release|Any CPU
		{B36A4D74-9AFE-4E72-9C91-30EB817077AE}.Release|Any CPU.Build.0 = Release|Any CPU
		{12D839F8-E20E-48E1-8307-6331AD46B485}.Debug|Any CPU.ActiveCfg = Debug|Any CPU
		{12D839F8-E20E-48E1-8307-6331AD46B485}.Debug|Any CPU.Build.0 = Debug|Any CPU
		{12D839F8-E20E-48E1-8307-6331AD46B485}.Release|Any CPU.ActiveCfg = Release|Any CPU
		{12D839F8-E20E-48E1-8307-6331AD46B485}.Release|Any CPU.Build.0 = Release|Any CPU
		{F0B910ED-D802-474F-9440-7E075C0C5A34}.Debug|Any CPU.ActiveCfg = Debug|Any CPU
		{F0B910ED-D802-474F-9440-7E075C0C5A34}.Debug|Any CPU.Build.0 = Debug|Any CPU
		{F0B910ED-D802-474F-9440-7E075C0C5A34}.Release|Any CPU.ActiveCfg = Release|Any CPU
		{F0B910ED-D802-474F-9440-7E075C0C5A34}.Release|Any CPU.Build.0 = Release|Any CPU
		{AE0076C0-4481-453B-864A-167FEDEE8E95}.Debug|Any CPU.ActiveCfg = Debug|Any CPU
		{AE0076C0-4481-453B-864A-167FEDEE8E95}.Debug|Any CPU.Build.0 = Debug|Any CPU
		{AE0076C0-4481-453B-864A-167FEDEE8E95}.Release|Any CPU.ActiveCfg = Release|Any CPU
		{AE0076C0-4481-453B-864A-167FEDEE8E95}.Release|Any CPU.Build.0 = Release|Any CPU
	EndGlobalSection
	GlobalSection(SolutionProperties) = preSolution
		HideSolutionNode = FALSE
	EndGlobalSection
	GlobalSection(ExtensibilityGlobals) = postSolution
		SolutionGuid = {ADFF3603-71BA-4052-8451-4F03DCAAD8A2}
	EndGlobalSection
EndGlobal
